{
  "name": "sampdrift",
  "version": "0.0.1",
  "lockfileVersion": 1,
  "requires": true,
  "dependencies": {
    "samp-node-lib": {
      "version": "1.0.5",
      "resolved": "https://registry.npmjs.org/samp-node-lib/-/samp-node-lib-1.0.5.tgz",
      "integrity": "sha512-sAnbRxlBn60Yh/xUR9lwziRWiGlJWPqLFKln0BfJjcxnIcGDcwVdg5Lgvsi1ZdKqT1OaF+BXt3hjev/Vj8e5Rw=="
    }
  }
}
